
Microsoft Visual Studio Solution File, Format Version 12.00
# Visual Studio Version 17
VisualStudioVersion = 17.8.34322.80
MinimumVisualStudioVersion = 10.0.40219.1
Project("{9A19103F-16F7-4668-BE54-9A1E7A4F7556}") = "ArrayTest", "arrayTest\ArrayTest.csproj", "{09D17DC2-EE9F-4E02-93AE-D5DC21C75B37}"
EndProject
Project("{9A19103F-16F7-4668-BE54-9A1E7A4F7556}") = "ArrayTest.Tests", "ArrayTest.Tests\ArrayTest.Tests.csproj", "{F1D3C4C4-E51F-4A0C-9B72-ACBF3FC5597D}"
EndProject
Global
	GlobalSection(SolutionConfigurationPlatforms) = preSolution
		Debug|Any CPU = Debug|Any CPU
		Release|Any CPU = Release|Any CPU
	EndGlobalSection
	GlobalSection(ProjectConfigurationPlatforms) = postSolution
		{09D17DC2-EE9F-4E02-93AE-D5DC21C75B37}.Debug|Any CPU.ActiveCfg = Debug|Any CPU
		{09D17DC2-EE9F-4E02-93AE-D5DC21C75B37}.Debug|Any CPU.Build.0 = Debug|Any CPU
		{09D17DC2-EE9F-4E02-93AE-D5DC21C75B37}.Release|Any CPU.ActiveCfg = Release|Any CPU
		{09D17DC2-EE9F-4E02-93AE-D5DC21C75B37}.Release|Any CPU.Build.0 = Release|Any CPU
		{F1D3C4C4-E51F-4A0C-9B72-ACBF3FC5597D}.Debug|Any CPU.ActiveCfg = Debug|Any CPU
		{F1D3C4C4-E51F-4A0C-9B72-ACBF3FC5597D}.Debug|Any CPU.Build.0 = Debug|Any CPU
		{F1D3C4C4-E51F-4A0C-9B72-ACBF3FC5597D}.Release|Any CPU.ActiveCfg = Release|Any CPU
		{F1D3C4C4-E51F-4A0C-9B72-ACBF3FC5597D}.Release|Any CPU.Build.0 = Release|Any CPU
	EndGlobalSection
	GlobalSection(SolutionProperties) = preSolution
		HideSolutionNode = FALSE
	EndGlobalSection
	GlobalSection(ExtensibilityGlobals) = postSolution
		SolutionGuid = {197CCCCE-28FA-410F-9CAB-2E6E83353323}
	EndGlobalSection
EndGlobal
